
Microsoft Visual Studio Solution File, Format Version 12.00
# Visual Studio Version 17
VisualStudioVersion = 17.0.32014.148
MinimumVisualStudioVersion = 10.0.40219.1
Project("{9A19103F-16F7-4668-BE54-9A1E7A4F7556}") = "NorthwindBupa.WebApi", "NorthwindBupa.WebApi\NorthwindBupa.WebApi.csproj", "{B0737A7A-B4BA-4F8C-A39D-25724063DC50}"
EndProject
Project("{9A19103F-16F7-4668-BE54-9A1E7A4F7556}") = "NorthwindBupa.Bll", "NorthwindBupa.Bll\NorthwindBupa.Bll.csproj", "{6F7E5993-5443-4BFD-90BA-A0D5075C4F10}"
EndProject
Project("{9A19103F-16F7-4668-BE54-9A1E7A4F7556}") = "NorthwindBupa.Dal", "NorthwindBupa.Dal\NorthwindBupa.Dal.csproj", "{ED68AA59-3DD1-43BE-BDC3-00F064FB84F6}"
EndProject
Project("{9A19103F-16F7-4668-BE54-9A1E7A4F7556}") = "NorthwindBupa.Entity", "NorthwindBupa.Entity\NorthwindBupa.Entity.csproj", "{FF7D0E5A-09FF-4BF7-936B-FD484AFCB326}"
EndProject
Project("{FAE04EC0-301F-11D3-BF4B-00C04F79EFBC}") = "NorthwindBupa.Interface", "NorthwindBupa.Interface\NorthwindBupa.Interface.csproj", "{A0A6CBD2-D48E-4033-B9D7-BFD20C079098}"
EndProject
Global
	GlobalSection(SolutionConfigurationPlatforms) = preSolution
		Debug|Any CPU = Debug|Any CPU
		Release|Any CPU = Release|Any CPU
	EndGlobalSection
	GlobalSection(ProjectConfigurationPlatforms) = postSolution
		{B0737A7A-B4BA-4F8C-A39D-25724063DC50}.Debug|Any CPU.ActiveCfg = Debug|Any CPU
		{B0737A7A-B4BA-4F8C-A39D-25724063DC50}.Debug|Any CPU.Build.0 = Debug|Any CPU
		{B0737A7A-B4BA-4F8C-A39D-25724063DC50}.Release|Any CPU.ActiveCfg = Release|Any CPU
		{B0737A7A-B4BA-4F8C-A39D-25724063DC50}.Release|Any CPU.Build.0 = Release|Any CPU
		{6F7E5993-5443-4BFD-90BA-A0D5075C4F10}.Debug|Any CPU.ActiveCfg = Debug|Any CPU
		{6F7E5993-5443-4BFD-90BA-A0D5075C4F10}.Debug|Any CPU.Build.0 = Debug|Any CPU
		{6F7E5993-5443-4BFD-90BA-A0D5075C4F10}.Release|Any CPU.ActiveCfg = Release|Any CPU
		{6F7E5993-5443-4BFD-90BA-A0D5075C4F10}.Release|Any CPU.Build.0 = Release|Any CPU
		{ED68AA59-3DD1-43BE-BDC3-00F064FB84F6}.Debug|Any CPU.ActiveCfg = Debug|Any CPU
		{ED68AA59-3DD1-43BE-BDC3-00F064FB84F6}.Debug|Any CPU.Build.0 = Debug|Any CPU
		{ED68AA59-3DD1-43BE-BDC3-00F064FB84F6}.Release|Any CPU.ActiveCfg = Release|Any CPU
		{ED68AA59-3DD1-43BE-BDC3-00F064FB84F6}.Release|Any CPU.Build.0 = Release|Any CPU
		{FF7D0E5A-09FF-4BF7-936B-FD484AFCB326}.Debug|Any CPU.ActiveCfg = Debug|Any CPU
		{FF7D0E5A-09FF-4BF7-936B-FD484AFCB326}.Debug|Any CPU.Build.0 = Debug|Any CPU
		{FF7D0E5A-09FF-4BF7-936B-FD484AFCB326}.Release|Any CPU.ActiveCfg = Release|Any CPU
		{FF7D0E5A-09FF-4BF7-936B-FD484AFCB326}.Release|Any CPU.Build.0 = Release|Any CPU
		{A0A6CBD2-D48E-4033-B9D7-BFD20C079098}.Debug|Any CPU.ActiveCfg = Debug|Any CPU
		{A0A6CBD2-D48E-4033-B9D7-BFD20C079098}.Debug|Any CPU.Build.0 = Debug|Any CPU
		{A0A6CBD2-D48E-4033-B9D7-BFD20C079098}.Release|Any CPU.ActiveCfg = Release|Any CPU
		{A0A6CBD2-D48E-4033-B9D7-BFD20C079098}.Release|Any CPU.Build.0 = Release|Any CPU
	EndGlobalSection
	GlobalSection(SolutionProperties) = preSolution
		HideSolutionNode = FALSE
	EndGlobalSection
	GlobalSection(ExtensibilityGlobals) = postSolution
		SolutionGuid = {A54F3922-D43D-4F16-A028-339152FA5964}
	EndGlobalSection
EndGlobal
